
Microsoft Visual Studio Solution File, Format Version 12.00
# Visual Studio 14
VisualStudioVersion = 14.0.25420.1
MinimumVisualStudioVersion = 10.0.40219.1
Project("{FAE04EC0-301F-11D3-BF4B-00C04F79EFBC}") = "MoviesMVC", "MoviesMVC\MoviesMVC.csproj", "{8AC28D94-BA86-4D37-9F69-FEFE0CB6F5AE}"
EndProject
Project("{FAE04EC0-301F-11D3-BF4B-00C04F79EFBC}") = "MoviesMVC.Tests", "MoviesMVC.Tests\MoviesMVC.Tests.csproj", "{14C1358D-C9D5-4099-A246-F00EB1D281E1}"
EndProject
Project("{FAE04EC0-301F-11D3-BF4B-00C04F79EFBC}") = "Movies.Services", "Movies.Services\Movies.Services.csproj", "{76D52D47-170F-4CA2-A8A1-90C523B3857D}"
EndProject
Project("{FAE04EC0-301F-11D3-BF4B-00C04F79EFBC}") = "Movies.Data", "Movies.Data\Movies.Data.csproj", "{0A6A520B-C7FF-4811-89A3-EA3EFDBF347B}"
EndProject
Global
	GlobalSection(SolutionConfigurationPlatforms) = preSolution
		Debug|Any CPU = Debug|Any CPU
		Release|Any CPU = Release|Any CPU
	EndGlobalSection
	GlobalSection(ProjectConfigurationPlatforms) = postSolution
		{8AC28D94-BA86-4D37-9F69-FEFE0CB6F5AE}.Debug|Any CPU.ActiveCfg = Debug|Any CPU
		{8AC28D94-BA86-4D37-9F69-FEFE0CB6F5AE}.Debug|Any CPU.Build.0 = Debug|Any CPU
		{8AC28D94-BA86-4D37-9F69-FEFE0CB6F5AE}.Release|Any CPU.ActiveCfg = Release|Any CPU
		{8AC28D94-BA86-4D37-9F69-FEFE0CB6F5AE}.Release|Any CPU.Build.0 = Release|Any CPU
		{14C1358D-C9D5-4099-A246-F00EB1D281E1}.Debug|Any CPU.ActiveCfg = Debug|Any CPU
		{14C1358D-C9D5-4099-A246-F00EB1D281E1}.Debug|Any CPU.Build.0 = Debug|Any CPU
		{14C1358D-C9D5-4099-A246-F00EB1D281E1}.Release|Any CPU.ActiveCfg = Release|Any CPU
		{14C1358D-C9D5-4099-A246-F00EB1D281E1}.Release|Any CPU.Build.0 = Release|Any CPU
		{76D52D47-170F-4CA2-A8A1-90C523B3857D}.Debug|Any CPU.ActiveCfg = Debug|Any CPU
		{76D52D47-170F-4CA2-A8A1-90C523B3857D}.Debug|Any CPU.Build.0 = Debug|Any CPU
		{76D52D47-170F-4CA2-A8A1-90C523B3857D}.Release|Any CPU.ActiveCfg = Release|Any CPU
		{76D52D47-170F-4CA2-A8A1-90C523B3857D}.Release|Any CPU.Build.0 = Release|Any CPU
		{0A6A520B-C7FF-4811-89A3-EA3EFDBF347B}.Debug|Any CPU.ActiveCfg = Debug|Any CPU
		{0A6A520B-C7FF-4811-89A3-EA3EFDBF347B}.Debug|Any CPU.Build.0 = Debug|Any CPU
		{0A6A520B-C7FF-4811-89A3-EA3EFDBF347B}.Release|Any CPU.ActiveCfg = Release|Any CPU
		{0A6A520B-C7FF-4811-89A3-EA3EFDBF347B}.Release|Any CPU.Build.0 = Release|Any CPU
	EndGlobalSection
	GlobalSection(SolutionProperties) = preSolution
		HideSolutionNode = FALSE
	EndGlobalSection
EndGlobal
